// !$*UTF8*$!
{
	archiveVersion = 1;
	classes = {
	};
	objectVersion = 50;
	objects = {

/* Begin PBXBuildFile section */
		B41496CD25C905A0003C9321 /* NetworkManager.swift in Sources */ = {isa = PBXBuildFile; fileRef = B41496CC25C905A0003C9321 /* NetworkManager.swift */; };
		B41496D225C90F06003C9321 /* GFError.swift in Sources */ = {isa = PBXBuildFile; fileRef = B41496D125C90F06003C9321 /* GFError.swift */; };
		B41496DC25C91716003C9321 /* FollowerCell.swift in Sources */ = {isa = PBXBuildFile; fileRef = B41496DB25C91716003C9321 /* FollowerCell.swift */; };
		B41496DF25C917F6003C9321 /* GFAvatarImageView.swift in Sources */ = {isa = PBXBuildFile; fileRef = B41496DE25C917F6003C9321 /* GFAvatarImageView.swift */; };
		B41496E225C99562003C9321 /* UIHelper.swift in Sources */ = {isa = PBXBuildFile; fileRef = B41496E125C99562003C9321 /* UIHelper.swift */; };
		B41496E525C9AE79003C9321 /* GFEmptyStateView.swift in Sources */ = {isa = PBXBuildFile; fileRef = B41496E425C9AE79003C9321 /* GFEmptyStateView.swift */; };
		B41496E825C9D861003C9321 /* UserInfoViewController.swift in Sources */ = {isa = PBXBuildFile; fileRef = B41496E725C9D861003C9321 /* UserInfoViewController.swift */; };
		B41496EB25CAE766003C9321 /* GFUserInfoHeaderViewController.swift in Sources */ = {isa = PBXBuildFile; fileRef = B41496EA25CAE766003C9321 /* GFUserInfoHeaderViewController.swift */; };
		B41496EE25CAE805003C9321 /* GFSecondaryTitleLabel.swift in Sources */ = {isa = PBXBuildFile; fileRef = B41496ED25CAE805003C9321 /* GFSecondaryTitleLabel.swift */; };
		B41496F125CAEAFC003C9321 /* Constants.swift in Sources */ = {isa = PBXBuildFile; fileRef = B41496F025CAEAFC003C9321 /* Constants.swift */; };
		B44A60C725C34AF800260B21 /* AppDelegate.swift in Sources */ = {isa = PBXBuildFile; fileRef = B44A60C625C34AF800260B21 /* AppDelegate.swift */; };
		B44A60C925C34AF800260B21 /* SceneDelegate.swift in Sources */ = {isa = PBXBuildFile; fileRef = B44A60C825C34AF800260B21 /* SceneDelegate.swift */; };
		B44A60D025C34B0200260B21 /* Assets.xcassets in Resources */ = {isa = PBXBuildFile; fileRef = B44A60CF25C34B0200260B21 /* Assets.xcassets */; };
		B44A60D325C34B0200260B21 /* LaunchScreen.storyboard in Resources */ = {isa = PBXBuildFile; fileRef = B44A60D125C34B0200260B21 /* LaunchScreen.storyboard */; };
		B44A60DF25C3A9CC00260B21 /* SearchViewController.swift in Sources */ = {isa = PBXBuildFile; fileRef = B44A60DE25C3A9CC00260B21 /* SearchViewController.swift */; };
		B44A60E225C3AA4500260B21 /* FavoritesListViewController.swift in Sources */ = {isa = PBXBuildFile; fileRef = B44A60E125C3AA4500260B21 /* FavoritesListViewController.swift */; };
		B44A60E625C3BAB500260B21 /* GFButton.swift in Sources */ = {isa = PBXBuildFile; fileRef = B44A60E525C3BAB500260B21 /* GFButton.swift */; };
		B44A60E925C449FF00260B21 /* GFTextField.swift in Sources */ = {isa = PBXBuildFile; fileRef = B44A60E825C449FF00260B21 /* GFTextField.swift */; };
		B44A60EC25C4634B00260B21 /* FollowerListViewController.swift in Sources */ = {isa = PBXBuildFile; fileRef = B44A60EB25C4634B00260B21 /* FollowerListViewController.swift */; };
		B44A60F025C4701D00260B21 /* GFTitleLabel.swift in Sources */ = {isa = PBXBuildFile; fileRef = B44A60EF25C4701D00260B21 /* GFTitleLabel.swift */; };
		B44A60F325C4805D00260B21 /* GFBodyLabel.swift in Sources */ = {isa = PBXBuildFile; fileRef = B44A60F225C4805D00260B21 /* GFBodyLabel.swift */; };
		B44A60F625C481AF00260B21 /* GFAlertViewController.swift in Sources */ = {isa = PBXBuildFile; fileRef = B44A60F525C481AF00260B21 /* GFAlertViewController.swift */; };
		B44A60F925C4896B00260B21 /* UIViewController+Ext.swift in Sources */ = {isa = PBXBuildFile; fileRef = B44A60F825C4896B00260B21 /* UIViewController+Ext.swift */; };
		B44A610225C4993200260B21 /* Follower.swift in Sources */ = {isa = PBXBuildFile; fileRef = B44A610125C4993200260B21 /* Follower.swift */; };
		B44A610625C49B7E00260B21 /* User.swift in Sources */ = {isa = PBXBuildFile; fileRef = B44A610525C49B7E00260B21 /* User.swift */; };
		B4AA25AF25CB2D1F00C91D36 /* GFItemInfoView.swift in Sources */ = {isa = PBXBuildFile; fileRef = B4AA25AE25CB2D1F00C91D36 /* GFItemInfoView.swift */; };
		B4AA25B225CB3D5800C91D36 /* GFItemInfoViewController.swift in Sources */ = {isa = PBXBuildFile; fileRef = B4AA25B125CB3D5800C91D36 /* GFItemInfoViewController.swift */; };
		B4AA25B525CB97AD00C91D36 /* GFRepoItemViewController.swift in Sources */ = {isa = PBXBuildFile; fileRef = B4AA25B425CB97AD00C91D36 /* GFRepoItemViewController.swift */; };
		B4AA25B825CB9B0500C91D36 /* GFFollowerItemViewController.swift in Sources */ = {isa = PBXBuildFile; fileRef = B4AA25B725CB9B0500C91D36 /* GFFollowerItemViewController.swift */; };
		B4AA25BC25CBAA0500C91D36 /* Date+Ext.swift in Sources */ = {isa = PBXBuildFile; fileRef = B4AA25BB25CBAA0500C91D36 /* Date+Ext.swift */; };
		B4AA25BF25CBAA9800C91D36 /* String+Ext.swift in Sources */ = {isa = PBXBuildFile; fileRef = B4AA25BE25CBAA9800C91D36 /* String+Ext.swift */; };
		B4AA25C225CC327A00C91D36 /* PersistenceManager.swift in Sources */ = {isa = PBXBuildFile; fileRef = B4AA25C125CC327A00C91D36 /* PersistenceManager.swift */; };
		B4AA25CA25D22B9C00C91D36 /* FavoriteCell.swift in Sources */ = {isa = PBXBuildFile; fileRef = B4AA25C925D22B9C00C91D36 /* FavoriteCell.swift */; };
/* End PBXBuildFile section */

/* Begin PBXFileReference section */
		B41496CC25C905A0003C9321 /* NetworkManager.swift */ = {isa = PBXFileReference; lastKnownFileType = sourcecode.swift; path = NetworkManager.swift; sourceTree = "<group>"; };
		B41496D125C90F06003C9321 /* GFError.swift */ = {isa = PBXFileReference; lastKnownFileType = sourcecode.swift; path = GFError.swift; sourceTree = "<group>"; };
		B41496DB25C91716003C9321 /* FollowerCell.swift */ = {isa = PBXFileReference; lastKnownFileType = sourcecode.swift; path = FollowerCell.swift; sourceTree = "<group>"; };
		B41496DE25C917F6003C9321 /* GFAvatarImageView.swift */ = {isa = PBXFileReference; lastKnownFileType = sourcecode.swift; path = GFAvatarImageView.swift; sourceTree = "<group>"; };
		B41496E125C99562003C9321 /* UIHelper.swift */ = {isa = PBXFileReference; lastKnownFileType = sourcecode.swift; path = UIHelper.swift; sourceTree = "<group>"; };
		B41496E425C9AE79003C9321 /* GFEmptyStateView.swift */ = {isa = PBXFileReference; lastKnownFileType = sourcecode.swift; path = GFEmptyStateView.swift; sourceTree = "<group>"; };
		B41496E725C9D861003C9321 /* UserInfoViewController.swift */ = {isa = PBXFileReference; lastKnownFileType = sourcecode.swift; path = UserInfoViewController.swift; sourceTree = "<group>"; };
		B41496EA25CAE766003C9321 /* GFUserInfoHeaderViewController.swift */ = {isa = PBXFileReference; lastKnownFileType = sourcecode.swift; path = GFUserInfoHeaderViewController.swift; sourceTree = "<group>"; };
		B41496ED25CAE805003C9321 /* GFSecondaryTitleLabel.swift */ = {isa = PBXFileReference; lastKnownFileType = sourcecode.swift; path = GFSecondaryTitleLabel.swift; sourceTree = "<group>"; };
		B41496F025CAEAFC003C9321 /* Constants.swift */ = {isa = PBXFileReference; lastKnownFileType = sourcecode.swift; path = Constants.swift; sourceTree = "<group>"; };
		B44A60C325C34AF800260B21 /* GitHubFollowers.app */ = {isa = PBXFileReference; explicitFileType = wrapper.application; includeInIndex = 0; path = GitHubFollowers.app; sourceTree = BUILT_PRODUCTS_DIR; };
		B44A60C625C34AF800260B21 /* AppDelegate.swift */ = {isa = PBXFileReference; lastKnownFileType = sourcecode.swift; path = AppDelegate.swift; sourceTree = "<group>"; };
		B44A60C825C34AF800260B21 /* SceneDelegate.swift */ = {isa = PBXFileReference; lastKnownFileType = sourcecode.swift; path = SceneDelegate.swift; sourceTree = "<group>"; };
		B44A60CF25C34B0200260B21 /* Assets.xcassets */ = {isa = PBXFileReference; lastKnownFileType = folder.assetcatalog; path = Assets.xcassets; sourceTree = "<group>"; };
		B44A60D225C34B0200260B21 /* Base */ = {isa = PBXFileReference; lastKnownFileType = file.storyboard; name = Base; path = Base.lproj/LaunchScreen.storyboard; sourceTree = "<group>"; };
		B44A60D425C34B0200260B21 /* Info.plist */ = {isa = PBXFileReference; lastKnownFileType = text.plist.xml; path = Info.plist; sourceTree = "<group>"; };
		B44A60DE25C3A9CC00260B21 /* SearchViewController.swift */ = {isa = PBXFileReference; lastKnownFileType = sourcecode.swift; path = SearchViewController.swift; sourceTree = "<group>"; };
		B44A60E125C3AA4500260B21 /* FavoritesListViewController.swift */ = {isa = PBXFileReference; lastKnownFileType = sourcecode.swift; path = FavoritesListViewController.swift; sourceTree = "<group>"; };
		B44A60E525C3BAB500260B21 /* GFButton.swift */ = {isa = PBXFileReference; lastKnownFileType = sourcecode.swift; path = GFButton.swift; sourceTree = "<group>"; };
		B44A60E825C449FF00260B21 /* GFTextField.swift */ = {isa = PBXFileReference; lastKnownFileType = sourcecode.swift; path = GFTextField.swift; sourceTree = "<group>"; };
		B44A60EB25C4634B00260B21 /* FollowerListViewController.swift */ = {isa = PBXFileReference; lastKnownFileType = sourcecode.swift; path = FollowerListViewController.swift; sourceTree = "<group>"; };
		B44A60EF25C4701D00260B21 /* GFTitleLabel.swift */ = {isa = PBXFileReference; lastKnownFileType = sourcecode.swift; path = GFTitleLabel.swift; sourceTree = "<group>"; };
		B44A60F225C4805D00260B21 /* GFBodyLabel.swift */ = {isa = PBXFileReference; lastKnownFileType = sourcecode.swift; path = GFBodyLabel.swift; sourceTree = "<group>"; };
		B44A60F525C481AF00260B21 /* GFAlertViewController.swift */ = {isa = PBXFileReference; lastKnownFileType = sourcecode.swift; path = GFAlertViewController.swift; sourceTree = "<group>"; };
		B44A60F825C4896B00260B21 /* UIViewController+Ext.swift */ = {isa = PBXFileReference; lastKnownFileType = sourcecode.swift; path = "UIViewController+Ext.swift"; sourceTree = "<group>"; };
		B44A610125C4993200260B21 /* Follower.swift */ = {isa = PBXFileReference; lastKnownFileType = sourcecode.swift; path = Follower.swift; sourceTree = "<group>"; };
		B44A610525C49B7E00260B21 /* User.swift */ = {isa = PBXFileReference; lastKnownFileType = sourcecode.swift; path = User.swift; sourceTree = "<group>"; };
		B4AA25AE25CB2D1F00C91D36 /* GFItemInfoView.swift */ = {isa = PBXFileReference; lastKnownFileType = sourcecode.swift; path = GFItemInfoView.swift; sourceTree = "<group>"; };
		B4AA25B125CB3D5800C91D36 /* GFItemInfoViewController.swift */ = {isa = PBXFileReference; lastKnownFileType = sourcecode.swift; path = GFItemInfoViewController.swift; sourceTree = "<group>"; };
		B4AA25B425CB97AD00C91D36 /* GFRepoItemViewController.swift */ = {isa = PBXFileReference; lastKnownFileType = sourcecode.swift; path = GFRepoItemViewController.swift; sourceTree = "<group>"; };
		B4AA25B725CB9B0500C91D36 /* GFFollowerItemViewController.swift */ = {isa = PBXFileReference; lastKnownFileType = sourcecode.swift; path = GFFollowerItemViewController.swift; sourceTree = "<group>"; };
		B4AA25BB25CBAA0500C91D36 /* Date+Ext.swift */ = {isa = PBXFileReference; lastKnownFileType = sourcecode.swift; path = "Date+Ext.swift"; sourceTree = "<group>"; };
		B4AA25BE25CBAA9800C91D36 /* String+Ext.swift */ = {isa = PBXFileReference; lastKnownFileType = sourcecode.swift; path = "String+Ext.swift"; sourceTree = "<group>"; };
		B4AA25C125CC327A00C91D36 /* PersistenceManager.swift */ = {isa = PBXFileReference; lastKnownFileType = sourcecode.swift; path = PersistenceManager.swift; sourceTree = "<group>"; };
		B4AA25C925D22B9C00C91D36 /* FavoriteCell.swift */ = {isa = PBXFileReference; lastKnownFileType = sourcecode.swift; path = FavoriteCell.swift; sourceTree = "<group>"; };
/* End PBXFileReference section */

/* Begin PBXFrameworksBuildPhase section */
		B44A60C025C34AF800260B21 /* Frameworks */ = {
			isa = PBXFrameworksBuildPhase;
			buildActionMask = 2147483647;
			files = (
			);
			runOnlyForDeploymentPostprocessing = 0;
		};
/* End PBXFrameworksBuildPhase section */

/* Begin PBXGroup section */
		B41496CB25C9058A003C9321 /* Managers */ = {
			isa = PBXGroup;
			children = (
				B41496CC25C905A0003C9321 /* NetworkManager.swift */,
				B4AA25C125CC327A00C91D36 /* PersistenceManager.swift */,
			);
			path = Managers;
			sourceTree = "<group>";
		};
		B41496D025C90EED003C9321 /* Utilities */ = {
			isa = PBXGroup;
			children = (
				B41496D125C90F06003C9321 /* GFError.swift */,
				B41496E125C99562003C9321 /* UIHelper.swift */,
				B41496F025CAEAFC003C9321 /* Constants.swift */,
			);
			path = Utilities;
			sourceTree = "<group>";
		};
		B41496D525C916A0003C9321 /* Cells */ = {
			isa = PBXGroup;
			children = (
				B41496DB25C91716003C9321 /* FollowerCell.swift */,
				B4AA25C925D22B9C00C91D36 /* FavoriteCell.swift */,
			);
			path = Cells;
			sourceTree = "<group>";
		};
		B44A60BA25C34AF800260B21 = {
			isa = PBXGroup;
			children = (
				B44A60C525C34AF800260B21 /* GitHubFollowers */,
				B44A60C425C34AF800260B21 /* Products */,
			);
			sourceTree = "<group>";
		};
		B44A60C425C34AF800260B21 /* Products */ = {
			isa = PBXGroup;
			children = (
				B44A60C325C34AF800260B21 /* GitHubFollowers.app */,
			);
			name = Products;
			sourceTree = "<group>";
		};
		B44A60C525C34AF800260B21 /* GitHubFollowers */ = {
			isa = PBXGroup;
			children = (
				B41496D025C90EED003C9321 /* Utilities */,
				B41496CB25C9058A003C9321 /* Managers */,
				B44A610025C4991800260B21 /* Models */,
				B44A60FE25C48F1000260B21 /* Extensions */,
				B44A60FC25C48EAD00260B21 /* View Controllers */,
				B44A60FD25C48F0600260B21 /* Views */,
				B44A60FF25C48FCC00260B21 /* Support */,
				B44A60D425C34B0200260B21 /* Info.plist */,
			);
			path = GitHubFollowers;
			sourceTree = "<group>";
		};
		B44A60FC25C48EAD00260B21 /* View Controllers */ = {
			isa = PBXGroup;
			children = (
				B44A60F525C481AF00260B21 /* GFAlertViewController.swift */,
				B44A60E125C3AA4500260B21 /* FavoritesListViewController.swift */,
				B44A60DE25C3A9CC00260B21 /* SearchViewController.swift */,
				B44A60EB25C4634B00260B21 /* FollowerListViewController.swift */,
				B41496E725C9D861003C9321 /* UserInfoViewController.swift */,
				B41496EA25CAE766003C9321 /* GFUserInfoHeaderViewController.swift */,
				B4AA25B125CB3D5800C91D36 /* GFItemInfoViewController.swift */,
				B4AA25B425CB97AD00C91D36 /* GFRepoItemViewController.swift */,
				B4AA25B725CB9B0500C91D36 /* GFFollowerItemViewController.swift */,
			);
			path = "View Controllers";
			sourceTree = "<group>";
		};
		B44A60FD25C48F0600260B21 /* Views */ = {
			isa = PBXGroup;
			children = (
				B41496D525C916A0003C9321 /* Cells */,
				B44A60E525C3BAB500260B21 /* GFButton.swift */,
				B44A60E825C449FF00260B21 /* GFTextField.swift */,
				B44A60EF25C4701D00260B21 /* GFTitleLabel.swift */,
				B44A60F225C4805D00260B21 /* GFBodyLabel.swift */,
				B41496DE25C917F6003C9321 /* GFAvatarImageView.swift */,
				B41496E425C9AE79003C9321 /* GFEmptyStateView.swift */,
				B41496ED25CAE805003C9321 /* GFSecondaryTitleLabel.swift */,
				B4AA25AE25CB2D1F00C91D36 /* GFItemInfoView.swift */,
			);
			path = Views;
			sourceTree = "<group>";
		};
		B44A60FE25C48F1000260B21 /* Extensions */ = {
			isa = PBXGroup;
			children = (
				B44A60F825C4896B00260B21 /* UIViewController+Ext.swift */,
				B4AA25BB25CBAA0500C91D36 /* Date+Ext.swift */,
				B4AA25BE25CBAA9800C91D36 /* String+Ext.swift */,
			);
			path = Extensions;
			sourceTree = "<group>";
		};
		B44A60FF25C48FCC00260B21 /* Support */ = {
			isa = PBXGroup;
			children = (
				B44A60C625C34AF800260B21 /* AppDelegate.swift */,
				B44A60C825C34AF800260B21 /* SceneDelegate.swift */,
				B44A60CF25C34B0200260B21 /* Assets.xcassets */,
				B44A60D125C34B0200260B21 /* LaunchScreen.storyboard */,
			);
			path = Support;
			sourceTree = "<group>";
		};
		B44A610025C4991800260B21 /* Models */ = {
			isa = PBXGroup;
			children = (
				B44A610125C4993200260B21 /* Follower.swift */,
				B44A610525C49B7E00260B21 /* User.swift */,
			);
			path = Models;
			sourceTree = "<group>";
		};
/* End PBXGroup section */

/* Begin PBXNativeTarget section */
		B44A60C225C34AF800260B21 /* GitHubFollowers */ = {
			isa = PBXNativeTarget;
			buildConfigurationList = B44A60D725C34B0200260B21 /* Build configuration list for PBXNativeTarget "GitHubFollowers" */;
			buildPhases = (
				B44A60BF25C34AF800260B21 /* Sources */,
				B44A60C025C34AF800260B21 /* Frameworks */,
				B44A60C125C34AF800260B21 /* Resources */,
			);
			buildRules = (
			);
			dependencies = (
			);
			name = GitHubFollowers;
			productName = GitHubFollowers;
			productReference = B44A60C325C34AF800260B21 /* GitHubFollowers.app */;
			productType = "com.apple.product-type.application";
		};
/* End PBXNativeTarget section */

/* Begin PBXProject section */
		B44A60BB25C34AF800260B21 /* Project object */ = {
			isa = PBXProject;
			attributes = {
				LastSwiftUpdateCheck = 1200;
				LastUpgradeCheck = 1200;
				TargetAttributes = {
					B44A60C225C34AF800260B21 = {
						CreatedOnToolsVersion = 12.0.1;
					};
				};
			};
			buildConfigurationList = B44A60BE25C34AF800260B21 /* Build configuration list for PBXProject "GitHubFollowers" */;
			compatibilityVersion = "Xcode 9.3";
			developmentRegion = en;
			hasScannedForEncodings = 0;
			knownRegions = (
				en,
				Base,
			);
			mainGroup = B44A60BA25C34AF800260B21;
			productRefGroup = B44A60C425C34AF800260B21 /* Products */;
			projectDirPath = "";
			projectRoot = "";
			targets = (
				B44A60C225C34AF800260B21 /* GitHubFollowers */,
			);
		};
/* End PBXProject section */

/* Begin PBXResourcesBuildPhase section */
		B44A60C125C34AF800260B21 /* Resources */ = {
			isa = PBXResourcesBuildPhase;
			buildActionMask = 2147483647;
			files = (
				B44A60D325C34B0200260B21 /* LaunchScreen.storyboard in Resources */,
				B44A60D025C34B0200260B21 /* Assets.xcassets in Resources */,
			);
			runOnlyForDeploymentPostprocessing = 0;
		};
/* End PBXResourcesBuildPhase section */

/* Begin PBXSourcesBuildPhase section */
		B44A60BF25C34AF800260B21 /* Sources */ = {
			isa = PBXSourcesBuildPhase;
			buildActionMask = 2147483647;
			files = (
				B44A610625C49B7E00260B21 /* User.swift in Sources */,
				B44A60F625C481AF00260B21 /* GFAlertViewController.swift in Sources */,
				B44A60E925C449FF00260B21 /* GFTextField.swift in Sources */,
				B4AA25BF25CBAA9800C91D36 /* String+Ext.swift in Sources */,
				B44A60E225C3AA4500260B21 /* FavoritesListViewController.swift in Sources */,
				B44A60F925C4896B00260B21 /* UIViewController+Ext.swift in Sources */,
				B41496E225C99562003C9321 /* UIHelper.swift in Sources */,
				B4AA25B825CB9B0500C91D36 /* GFFollowerItemViewController.swift in Sources */,
				B4AA25B525CB97AD00C91D36 /* GFRepoItemViewController.swift in Sources */,
				B41496F125CAEAFC003C9321 /* Constants.swift in Sources */,
				B41496DF25C917F6003C9321 /* GFAvatarImageView.swift in Sources */,
				B44A60E625C3BAB500260B21 /* GFButton.swift in Sources */,
				B41496EB25CAE766003C9321 /* GFUserInfoHeaderViewController.swift in Sources */,
				B4AA25AF25CB2D1F00C91D36 /* GFItemInfoView.swift in Sources */,
				B4AA25CA25D22B9C00C91D36 /* FavoriteCell.swift in Sources */,
				B44A60EC25C4634B00260B21 /* FollowerListViewController.swift in Sources */,
				B41496DC25C91716003C9321 /* FollowerCell.swift in Sources */,
				B41496D225C90F06003C9321 /* GFError.swift in Sources */,
				B44A60F325C4805D00260B21 /* GFBodyLabel.swift in Sources */,
				B44A610225C4993200260B21 /* Follower.swift in Sources */,
				B44A60F025C4701D00260B21 /* GFTitleLabel.swift in Sources */,
				B4AA25BC25CBAA0500C91D36 /* Date+Ext.swift in Sources */,
				B4AA25C225CC327A00C91D36 /* PersistenceManager.swift in Sources */,
				B41496EE25CAE805003C9321 /* GFSecondaryTitleLabel.swift in Sources */,
				B41496E525C9AE79003C9321 /* GFEmptyStateView.swift in Sources */,
				B41496CD25C905A0003C9321 /* NetworkManager.swift in Sources */,
				B44A60DF25C3A9CC00260B21 /* SearchViewController.swift in Sources */,
				B4AA25B225CB3D5800C91D36 /* GFItemInfoViewController.swift in Sources */,
				B41496E825C9D861003C9321 /* UserInfoViewController.swift in Sources */,
				B44A60C725C34AF800260B21 /* AppDelegate.swift in Sources */,
				B44A60C925C34AF800260B21 /* SceneDelegate.swift in Sources */,
			);
			runOnlyForDeploymentPostprocessing = 0;
		};
/* End PBXSourcesBuildPhase section */

/* Begin PBXVariantGroup section */
		B44A60D125C34B0200260B21 /* LaunchScreen.storyboard */ = {
			isa = PBXVariantGroup;
			children = (
				B44A60D225C34B0200260B21 /* Base */,
			);
			name = LaunchScreen.storyboard;
			sourceTree = "<group>";
		};
/* End PBXVariantGroup section */

/* Begin XCBuildConfiguration section */
		B44A60D525C34B0200260B21 /* Debug */ = {
			isa = XCBuildConfiguration;
			buildSettings = {
				ALWAYS_SEARCH_USER_PATHS = NO;
				CLANG_ANALYZER_NONNULL = YES;
				CLANG_ANALYZER_NUMBER_OBJECT_CONVERSION = YES_AGGRESSIVE;
				CLANG_CXX_LANGUAGE_STANDARD = "gnu++14";
				CLANG_CXX_LIBRARY = "libc++";
				CLANG_ENABLE_MODULES = YES;
				CLANG_ENABLE_OBJC_ARC = YES;
				CLANG_ENABLE_OBJC_WEAK = YES;
				CLANG_WARN_BLOCK_CAPTURE_AUTORELEASING = YES;
				CLANG_WARN_BOOL_CONVERSION = YES;
				CLANG_WARN_COMMA = YES;
				CLANG_WARN_CONSTANT_CONVERSION = YES;
				CLANG_WARN_DEPRECATED_OBJC_IMPLEMENTATIONS = YES;
				CLANG_WARN_DIRECT_OBJC_ISA_USAGE = YES_ERROR;
				CLANG_WARN_DOCUMENTATION_COMMENTS = YES;
				CLANG_WARN_EMPTY_BODY = YES;
				CLANG_WARN_ENUM_CONVERSION = YES;
				CLANG_WARN_INFINITE_RECURSION = YES;
				CLANG_WARN_INT_CONVERSION = YES;
				CLANG_WARN_NON_LITERAL_NULL_CONVERSION = YES;
				CLANG_WARN_OBJC_IMPLICIT_RETAIN_SELF = YES;
				CLANG_WARN_OBJC_LITERAL_CONVERSION = YES;
				CLANG_WARN_OBJC_ROOT_CLASS = YES_ERROR;
				CLANG_WARN_QUOTED_INCLUDE_IN_FRAMEWORK_HEADER = YES;
				CLANG_WARN_RANGE_LOOP_ANALYSIS = YES;
				CLANG_WARN_STRICT_PROTOTYPES = YES;
				CLANG_WARN_SUSPICIOUS_MOVE = YES;
				CLANG_WARN_UNGUARDED_AVAILABILITY = YES_AGGRESSIVE;
				CLANG_WARN_UNREACHABLE_CODE = YES;
				CLANG_WARN__DUPLICATE_METHOD_MATCH = YES;
				COPY_PHASE_STRIP = NO;
				DEBUG_INFORMATION_FORMAT = dwarf;
				ENABLE_STRICT_OBJC_MSGSEND = YES;
				ENABLE_TESTABILITY = YES;
				GCC_C_LANGUAGE_STANDARD = gnu11;
				GCC_DYNAMIC_NO_PIC = NO;
				GCC_NO_COMMON_BLOCKS = YES;
				GCC_OPTIMIZATION_LEVEL = 0;
				GCC_PREPROCESSOR_DEFINITIONS = (
					"DEBUG=1",
					"$(inherited)",
				);
				GCC_WARN_64_TO_32_BIT_CONVERSION = YES;
				GCC_WARN_ABOUT_RETURN_TYPE = YES_ERROR;
				GCC_WARN_UNDECLARED_SELECTOR = YES;
				GCC_WARN_UNINITIALIZED_AUTOS = YES_AGGRESSIVE;
				GCC_WARN_UNUSED_FUNCTION = YES;
				GCC_WARN_UNUSED_VARIABLE = YES;
				IPHONEOS_DEPLOYMENT_TARGET = 14.0;
				MTL_ENABLE_DEBUG_INFO = INCLUDE_SOURCE;
				MTL_FAST_MATH = YES;
				ONLY_ACTIVE_ARCH = YES;
				SDKROOT = iphoneos;
				SWIFT_ACTIVE_COMPILATION_CONDITIONS = DEBUG;
				SWIFT_OPTIMIZATION_LEVEL = "-Onone";
			};
			name = Debug;
		};
		B44A60D625C34B0200260B21 /* Release */ = {
			isa = XCBuildConfiguration;
			buildSettings = {
				ALWAYS_SEARCH_USER_PATHS = NO;
				CLANG_ANALYZER_NONNULL = YES;
				CLANG_ANALYZER_NUMBER_OBJECT_CONVERSION = YES_AGGRESSIVE;
				CLANG_CXX_LANGUAGE_STANDARD = "gnu++14";
				CLANG_CXX_LIBRARY = "libc++";
				CLANG_ENABLE_MODULES = YES;
				CLANG_ENABLE_OBJC_ARC = YES;
				CLANG_ENABLE_OBJC_WEAK = YES;
				CLANG_WARN_BLOCK_CAPTURE_AUTORELEASING = YES;
				CLANG_WARN_BOOL_CONVERSION = YES;
				CLANG_WARN_COMMA = YES;
				CLANG_WARN_CONSTANT_CONVERSION = YES;
				CLANG_WARN_DEPRECATED_OBJC_IMPLEMENTATIONS = YES;
				CLANG_WARN_DIRECT_OBJC_ISA_USAGE = YES_ERROR;
				CLANG_WARN_DOCUMENTATION_COMMENTS = YES;
				CLANG_WARN_EMPTY_BODY = YES;
				CLANG_WARN_ENUM_CONVERSION = YES;
				CLANG_WARN_INFINITE_RECURSION = YES;
				CLANG_WARN_INT_CONVERSION = YES;
				CLANG_WARN_NON_LITERAL_NULL_CONVERSION = YES;
				CLANG_WARN_OBJC_IMPLICIT_RETAIN_SELF = YES;
				CLANG_WARN_OBJC_LITERAL_CONVERSION = YES;
				CLANG_WARN_OBJC_ROOT_CLASS = YES_ERROR;
				CLANG_WARN_QUOTED_INCLUDE_IN_FRAMEWORK_HEADER = YES;
				CLANG_WARN_RANGE_LOOP_ANALYSIS = YES;
				CLANG_WARN_STRICT_PROTOTYPES = YES;
				CLANG_WARN_SUSPICIOUS_MOVE = YES;
				CLANG_WARN_UNGUARDED_AVAILABILITY = YES_AGGRESSIVE;
				CLANG_WARN_UNREACHABLE_CODE = YES;
				CLANG_WARN__DUPLICATE_METHOD_MATCH = YES;
				COPY_PHASE_STRIP = NO;
				DEBUG_INFORMATION_FORMAT = "dwarf-with-dsym";
				ENABLE_NS_ASSERTIONS = NO;
				ENABLE_STRICT_OBJC_MSGSEND = YES;
				GCC_C_LANGUAGE_STANDARD = gnu11;
				GCC_NO_COMMON_BLOCKS = YES;
				GCC_WARN_64_TO_32_BIT_CONVERSION = YES;
				GCC_WARN_ABOUT_RETURN_TYPE = YES_ERROR;
				GCC_WARN_UNDECLARED_SELECTOR = YES;
				GCC_WARN_UNINITIALIZED_AUTOS = YES_AGGRESSIVE;
				GCC_WARN_UNUSED_FUNCTION = YES;
				GCC_WARN_UNUSED_VARIABLE = YES;
				IPHONEOS_DEPLOYMENT_TARGET = 14.0;
				MTL_ENABLE_DEBUG_INFO = NO;
				MTL_FAST_MATH = YES;
				SDKROOT = iphoneos;
				SWIFT_COMPILATION_MODE = wholemodule;
				SWIFT_OPTIMIZATION_LEVEL = "-O";
				VALIDATE_PRODUCT = YES;
			};
			name = Release;
		};
		B44A60D825C34B0200260B21 /* Debug */ = {
			isa = XCBuildConfiguration;
			buildSettings = {
				ASSETCATALOG_COMPILER_APPICON_NAME = AppIcon;
				ASSETCATALOG_COMPILER_GLOBAL_ACCENT_COLOR_NAME = AccentColor;
				CODE_SIGN_STYLE = Automatic;
				DEVELOPMENT_TEAM = L284H832KA;
				INFOPLIST_FILE = GitHubFollowers/Info.plist;
				LD_RUNPATH_SEARCH_PATHS = (
					"$(inherited)",
					"@executable_path/Frameworks",
				);
				PRODUCT_BUNDLE_IDENTIFIER = live.iryna.GitHubFollowers;
				PRODUCT_NAME = "$(TARGET_NAME)";
				SWIFT_VERSION = 5.0;
				TARGETED_DEVICE_FAMILY = 1;
			};
			name = Debug;
		};
		B44A60D925C34B0200260B21 /* Release */ = {
			isa = XCBuildConfiguration;
			buildSettings = {
				ASSETCATALOG_COMPILER_APPICON_NAME = AppIcon;
				ASSETCATALOG_COMPILER_GLOBAL_ACCENT_COLOR_NAME = AccentColor;
				CODE_SIGN_STYLE = Automatic;
				DEVELOPMENT_TEAM = L284H832KA;
				INFOPLIST_FILE = GitHubFollowers/Info.plist;
				LD_RUNPATH_SEARCH_PATHS = (
					"$(inherited)",
					"@executable_path/Frameworks",
				);
				PRODUCT_BUNDLE_IDENTIFIER = live.iryna.GitHubFollowers;
				PRODUCT_NAME = "$(TARGET_NAME)";
				SWIFT_VERSION = 5.0;
				TARGETED_DEVICE_FAMILY = 1;
			};
			name = Release;
		};
/* End XCBuildConfiguration section */

/* Begin XCConfigurationList section */
		B44A60BE25C34AF800260B21 /* Build configuration list for PBXProject "GitHubFollowers" */ = {
			isa = XCConfigurationList;
			buildConfigurations = (
				B44A60D525C34B0200260B21 /* Debug */,
				B44A60D625C34B0200260B21 /* Release */,
			);
			defaultConfigurationIsVisible = 0;
			defaultConfigurationName = Release;
		};
		B44A60D725C34B0200260B21 /* Build configuration list for PBXNativeTarget "GitHubFollowers" */ = {
			isa = XCConfigurationList;
			buildConfigurations = (
				B44A60D825C34B0200260B21 /* Debug */,
				B44A60D925C34B0200260B21 /* Release */,
			);
			defaultConfigurationIsVisible = 0;
			defaultConfigurationName = Release;
		};
/* End XCConfigurationList section */
	};
	rootObject = B44A60BB25C34AF800260B21 /* Project object */;
}
